
Microsoft Visual Studio Solution File, Format Version 12.00
# Visual Studio Version 16
VisualStudioVersion = 16.0.32802.440
MinimumVisualStudioVersion = 10.0.40219.1
Project("{FAE04EC0-301F-11D3-BF4B-00C04F79EFBC}") = "WebApp_LAB", "WebApp_LAB.csproj", "{1A15D64E-DF0E-4E44-B9B1-CEFAD365573A}"
EndProject
Global
	GlobalSection(SolutionConfigurationPlatforms) = preSolution
		Debug|Any CPU = Debug|Any CPU
		Release|Any CPU = Release|Any CPU
	EndGlobalSection
	GlobalSection(ProjectConfigurationPlatforms) = postSolution
		{1A15D64E-DF0E-4E44-B9B1-CEFAD365573A}.Debug|Any CPU.ActiveCfg = Debug|Any CPU
		{1A15D64E-DF0E-4E44-B9B1-CEFAD365573A}.Debug|Any CPU.Build.0 = Debug|Any CPU
		{1A15D64E-DF0E-4E44-B9B1-CEFAD365573A}.Release|Any CPU.ActiveCfg = Release|Any CPU
		{1A15D64E-DF0E-4E44-B9B1-CEFAD365573A}.Release|Any CPU.Build.0 = Release|Any CPU
	EndGlobalSection
	GlobalSection(SolutionProperties) = preSolution
		HideSolutionNode = FALSE
	EndGlobalSection
	GlobalSection(ExtensibilityGlobals) = postSolution
		SolutionGuid = {82D9CD94-A875-4086-9611-9166A7833FDA}
	EndGlobalSection
EndGlobal
